// !$*UTF8*$!
{
	archiveVersion = 1;
	classes = {
	};
	objectVersion = 46;
	objects = {

/* Begin PBXBuildFile section */
		430EE60F1CFE7E6C00268994 /* main.m in Sources */ = {isa = PBXBuildFile; fileRef = 430EE60E1CFE7E6C00268994 /* main.m */; };
		430EE6121CFE7E6C00268994 /* AppDelegate.m in Sources */ = {isa = PBXBuildFile; fileRef = 430EE6111CFE7E6C00268994 /* AppDelegate.m */; };
		430EE6151CFE7E6C00268994 /* ViewController.m in Sources */ = {isa = PBXBuildFile; fileRef = 430EE6141CFE7E6C00268994 /* ViewController.m */; };
		430EE6181CFE7E6C00268994 /* Main.storyboard in Resources */ = {isa = PBXBuildFile; fileRef = 430EE6161CFE7E6C00268994 /* Main.storyboard */; };
		430EE61A1CFE7E6C00268994 /* Assets.xcassets in Resources */ = {isa = PBXBuildFile; fileRef = 430EE6191CFE7E6C00268994 /* Assets.xcassets */; };
		430EE61D1CFE7E6C00268994 /* LaunchScreen.storyboard in Resources */ = {isa = PBXBuildFile; fileRef = 430EE61B1CFE7E6C00268994 /* LaunchScreen.storyboard */; };
		432556A31CFFD40300AC1CA4 /* SecondViewController.m in Sources */ = {isa = PBXBuildFile; fileRef = 432556A21CFFD40300AC1CA4 /* SecondViewController.m */; };
		5D156E74C8A03C50812A63F8 /* Pods_Test_RAC.framework in Frameworks */ = {isa = PBXBuildFile; fileRef = 9884F59B2F1AA73028913FAC /* Pods_Test_RAC.framework */; };
/* End PBXBuildFile section */

/* Begin PBXFileReference section */
		430EE60A1CFE7E6C00268994 /* Test_RAC.app */ = {isa = PBXFileReference; explicitFileType = wrapper.application; includeInIndex = 0; path = Test_RAC.app; sourceTree = BUILT_PRODUCTS_DIR; };
		430EE60E1CFE7E6C00268994 /* main.m */ = {isa = PBXFileReference; lastKnownFileType = sourcecode.c.objc; path = main.m; sourceTree = "<group>"; };
		430EE6101CFE7E6C00268994 /* AppDelegate.h */ = {isa = PBXFileReference; lastKnownFileType = sourcecode.c.h; path = AppDelegate.h; sourceTree = "<group>"; };
		430EE6111CFE7E6C00268994 /* AppDelegate.m */ = {isa = PBXFileReference; lastKnownFileType = sourcecode.c.objc; path = AppDelegate.m; sourceTree = "<group>"; };
		430EE6131CFE7E6C00268994 /* ViewController.h */ = {isa = PBXFileReference; lastKnownFileType = sourcecode.c.h; path = ViewController.h; sourceTree = "<group>"; };
		430EE6141CFE7E6C00268994 /* ViewController.m */ = {isa = PBXFileReference; lastKnownFileType = sourcecode.c.objc; path = ViewController.m; sourceTree = "<group>"; };
		430EE6171CFE7E6C00268994 /* Base */ = {isa = PBXFileReference; lastKnownFileType = file.storyboard; name = Base; path = Base.lproj/Main.storyboard; sourceTree = "<group>"; };
		430EE6191CFE7E6C00268994 /* Assets.xcassets */ = {isa = PBXFileReference; lastKnownFileType = folder.assetcatalog; path = Assets.xcassets; sourceTree = "<group>"; };
		430EE61C1CFE7E6C00268994 /* Base */ = {isa = PBXFileReference; lastKnownFileType = file.storyboard; name = Base; path = Base.lproj/LaunchScreen.storyboard; sourceTree = "<group>"; };
		430EE61E1CFE7E6C00268994 /* Info.plist */ = {isa = PBXFileReference; lastKnownFileType = text.plist.xml; path = Info.plist; sourceTree = "<group>"; };
		432556A11CFFD40300AC1CA4 /* SecondViewController.h */ = {isa = PBXFileReference; fileEncoding = 4; lastKnownFileType = sourcecode.c.h; path = SecondViewController.h; sourceTree = "<group>"; };
		432556A21CFFD40300AC1CA4 /* SecondViewController.m */ = {isa = PBXFileReference; fileEncoding = 4; lastKnownFileType = sourcecode.c.objc; path = SecondViewController.m; sourceTree = "<group>"; };
		9414FFA3677C55C1EE94FA8D /* Pods-Test_RAC.release.xcconfig */ = {isa = PBXFileReference; includeInIndex = 1; lastKnownFileType = text.xcconfig; name = "Pods-Test_RAC.release.xcconfig"; path = "Pods/Target Support Files/Pods-Test_RAC/Pods-Test_RAC.release.xcconfig"; sourceTree = "<group>"; };
		9884F59B2F1AA73028913FAC /* Pods_Test_RAC.framework */ = {isa = PBXFileReference; explicitFileType = wrapper.framework; includeInIndex = 0; path = Pods_Test_RAC.framework; sourceTree = BUILT_PRODUCTS_DIR; };
		F60CED2C829C347CA2665485 /* Pods-Test_RAC.debug.xcconfig */ = {isa = PBXFileReference; includeInIndex = 1; lastKnownFileType = text.xcconfig; name = "Pods-Test_RAC.debug.xcconfig"; path = "Pods/Target Support Files/Pods-Test_RAC/Pods-Test_RAC.debug.xcconfig"; sourceTree = "<group>"; };
/* End PBXFileReference section */

/* Begin PBXFrameworksBuildPhase section */
		430EE6071CFE7E6C00268994 /* Frameworks */ = {
			isa = PBXFrameworksBuildPhase;
			buildActionMask = 2147483647;
			files = (
				5D156E74C8A03C50812A63F8 /* Pods_Test_RAC.framework in Frameworks */,
			);
			runOnlyForDeploymentPostprocessing = 0;
		};
/* End PBXFrameworksBuildPhase section */

/* Begin PBXGroup section */
		430EE6011CFE7E6C00268994 = {
			isa = PBXGroup;
			children = (
				430EE60C1CFE7E6C00268994 /* Test_RAC */,
				430EE60B1CFE7E6C00268994 /* Products */,
				EFE0695FC04689D64FA80F72 /* Pods */,
				5188B711BE51863D45CB18AE /* Frameworks */,
			);
			sourceTree = "<group>";
		};
		430EE60B1CFE7E6C00268994 /* Products */ = {
			isa = PBXGroup;
			children = (
				430EE60A1CFE7E6C00268994 /* Test_RAC.app */,
			);
			name = Products;
			sourceTree = "<group>";
		};
		430EE60C1CFE7E6C00268994 /* Test_RAC */ = {
			isa = PBXGroup;
			children = (
				430EE6101CFE7E6C00268994 /* AppDelegate.h */,
				430EE6111CFE7E6C00268994 /* AppDelegate.m */,
				430EE6131CFE7E6C00268994 /* ViewController.h */,
				430EE6141CFE7E6C00268994 /* ViewController.m */,
				432556A11CFFD40300AC1CA4 /* SecondViewController.h */,
				432556A21CFFD40300AC1CA4 /* SecondViewController.m */,
				430EE6161CFE7E6C00268994 /* Main.storyboard */,
				430EE6191CFE7E6C00268994 /* Assets.xcassets */,
				430EE61B1CFE7E6C00268994 /* LaunchScreen.storyboard */,
				430EE61E1CFE7E6C00268994 /* Info.plist */,
				430EE60D1CFE7E6C00268994 /* Supporting Files */,
			);
			path = Test_RAC;
			sourceTree = "<group>";
		};
		430EE60D1CFE7E6C00268994 /* Supporting Files */ = {
			isa = PBXGroup;
			children = (
				430EE60E1CFE7E6C00268994 /* main.m */,
			);
			name = "Supporting Files";
			sourceTree = "<group>";
		};
		5188B711BE51863D45CB18AE /* Frameworks */ = {
			isa = PBXGroup;
			children = (
				9884F59B2F1AA73028913FAC /* Pods_Test_RAC.framework */,
			);
			name = Frameworks;
			sourceTree = "<group>";
		};
		EFE0695FC04689D64FA80F72 /* Pods */ = {
			isa = PBXGroup;
			children = (
				F60CED2C829C347CA2665485 /* Pods-Test_RAC.debug.xcconfig */,
				9414FFA3677C55C1EE94FA8D /* Pods-Test_RAC.release.xcconfig */,
			);
			name = Pods;
			sourceTree = "<group>";
		};
/* End PBXGroup section */

/* Begin PBXNativeTarget section */
		430EE6091CFE7E6C00268994 /* Test_RAC */ = {
			isa = PBXNativeTarget;
			buildConfigurationList = 430EE6211CFE7E6C00268994 /* Build configuration list for PBXNativeTarget "Test_RAC" */;
			buildPhases = (
				C48BEB1849FDB5BA4A85F14A /* 📦 Check Pods Manifest.lock */,
				430EE6061CFE7E6C00268994 /* Sources */,
				430EE6071CFE7E6C00268994 /* Frameworks */,
				430EE6081CFE7E6C00268994 /* Resources */,
				4F43A7F8D76D3E62996FDD82 /* 📦 Embed Pods Frameworks */,
				82FD3E1FA3FB0EF244962072 /* 📦 Copy Pods Resources */,
			);
			buildRules = (
			);
			dependencies = (
			);
			name = Test_RAC;
			productName = Test_RAC;
			productReference = 430EE60A1CFE7E6C00268994 /* Test_RAC.app */;
			productType = "com.apple.product-type.application";
		};
/* End PBXNativeTarget section */

/* Begin PBXProject section */
		430EE6021CFE7E6C00268994 /* Project object */ = {
			isa = PBXProject;
			attributes = {
				LastUpgradeCheck = 0730;
				ORGANIZATIONNAME = liudukun;
				TargetAttributes = {
					430EE6091CFE7E6C00268994 = {
						CreatedOnToolsVersion = 7.3.1;
					};
				};
			};
			buildConfigurationList = 430EE6051CFE7E6C00268994 /* Build configuration list for PBXProject "Test_RAC" */;
			compatibilityVersion = "Xcode 3.2";
			developmentRegion = English;
			hasScannedForEncodings = 0;
			knownRegions = (
				en,
				Base,
			);
			mainGroup = 430EE6011CFE7E6C00268994;
			productRefGroup = 430EE60B1CFE7E6C00268994 /* Products */;
			projectDirPath = "";
			projectRoot = "";
			targets = (
				430EE6091CFE7E6C00268994 /* Test_RAC */,
			);
		};
/* End PBXProject section */

/* Begin PBXResourcesBuildPhase section */
		430EE6081CFE7E6C00268994 /* Resources */ = {
			isa = PBXResourcesBuildPhase;
			buildActionMask = 2147483647;
			files = (
				430EE61D1CFE7E6C00268994 /* LaunchScreen.storyboard in Resources */,
				430EE61A1CFE7E6C00268994 /* Assets.xcassets in Resources */,
				430EE6181CFE7E6C00268994 /* Main.storyboard in Resources */,
			);
			runOnlyForDeploymentPostprocessing = 0;
		};
/* End PBXResourcesBuildPhase section */

/* Begin PBXShellScriptBuildPhase section */
		4F43A7F8D76D3E62996FDD82 /* 📦 Embed Pods Frameworks */ = {
			isa = PBXShellScriptBuildPhase;
			buildActionMask = 2147483647;
			files = (
			);
			inputPaths = (
			);
			name = "📦 Embed Pods Frameworks";
			outputPaths = (
			);
			runOnlyForDeploymentPostprocessing = 0;
			shellPath = /bin/sh;
			shellScript = "\"${SRCROOT}/Pods/Target Support Files/Pods-Test_RAC/Pods-Test_RAC-frameworks.sh\"\n";
			showEnvVarsInLog = 0;
		};
		82FD3E1FA3FB0EF244962072 /* 📦 Copy Pods Resources */ = {
			isa = PBXShellScriptBuildPhase;
			buildActionMask = 2147483647;
			files = (
			);
			inputPaths = (
			);
			name = "📦 Copy Pods Resources";
			outputPaths = (
			);
			runOnlyForDeploymentPostprocessing = 0;
			shellPath = /bin/sh;
			shellScript = "\"${SRCROOT}/Pods/Target Support Files/Pods-Test_RAC/Pods-Test_RAC-resources.sh\"\n";
			showEnvVarsInLog = 0;
		};
		C48BEB1849FDB5BA4A85F14A /* 📦 Check Pods Manifest.lock */ = {
			isa = PBXShellScriptBuildPhase;
			buildActionMask = 2147483647;
			files = (
			);
			inputPaths = (
			);
			name = "📦 Check Pods Manifest.lock";
			outputPaths = (
			);
			runOnlyForDeploymentPostprocessing = 0;
			shellPath = /bin/sh;
			shellScript = "diff \"${PODS_ROOT}/../Podfile.lock\" \"${PODS_ROOT}/Manifest.lock\" > /dev/null\nif [[ $? != 0 ]] ; then\n    cat << EOM\nerror: The sandbox is not in sync with the Podfile.lock. Run 'pod install' or update your CocoaPods installation.\nEOM\n    exit 1\nfi\n";
			showEnvVarsInLog = 0;
		};
/* End PBXShellScriptBuildPhase section */

/* Begin PBXSourcesBuildPhase section */
		430EE6061CFE7E6C00268994 /* Sources */ = {
			isa = PBXSourcesBuildPhase;
			buildActionMask = 2147483647;
			files = (
				432556A31CFFD40300AC1CA4 /* SecondViewController.m in Sources */,
				430EE6151CFE7E6C00268994 /* ViewController.m in Sources */,
				430EE6121CFE7E6C00268994 /* AppDelegate.m in Sources */,
				430EE60F1CFE7E6C00268994 /* main.m in Sources */,
			);
			runOnlyForDeploymentPostprocessing = 0;
		};
/* End PBXSourcesBuildPhase section */

/* Begin PBXVariantGroup section */
		430EE6161CFE7E6C00268994 /* Main.storyboard */ = {
			isa = PBXVariantGroup;
			children = (
				430EE6171CFE7E6C00268994 /* Base */,
			);
			name = Main.storyboard;
			sourceTree = "<group>";
		};
		430EE61B1CFE7E6C00268994 /* LaunchScreen.storyboard */ = {
			isa = PBXVariantGroup;
			children = (
				430EE61C1CFE7E6C00268994 /* Base */,
			);
			name = LaunchScreen.storyboard;
			sourceTree = "<group>";
		};
/* End PBXVariantGroup section */

/* Begin XCBuildConfiguration section */
		430EE61F1CFE7E6C00268994 /* Debug */ = {
			isa = XCBuildConfiguration;
			buildSettings = {
				ALWAYS_SEARCH_USER_PATHS = NO;
				CLANG_ANALYZER_NONNULL = YES;
				CLANG_CXX_LANGUAGE_STANDARD = "gnu++0x";
				CLANG_CXX_LIBRARY = "libc++";
				CLANG_ENABLE_MODULES = YES;
				CLANG_ENABLE_OBJC_ARC = YES;
				CLANG_WARN_BOOL_CONVERSION = YES;
				CLANG_WARN_CONSTANT_CONVERSION = YES;
				CLANG_WARN_DIRECT_OBJC_ISA_USAGE = YES_ERROR;
				CLANG_WARN_EMPTY_BODY = YES;
				CLANG_WARN_ENUM_CONVERSION = YES;
				CLANG_WARN_INT_CONVERSION = YES;
				CLANG_WARN_OBJC_ROOT_CLASS = YES_ERROR;
				CLANG_WARN_UNREACHABLE_CODE = YES;
				CLANG_WARN__DUPLICATE_METHOD_MATCH = YES;
				"CODE_SIGN_IDENTITY[sdk=iphoneos*]" = "iPhone Developer";
				COPY_PHASE_STRIP = NO;
				DEBUG_INFORMATION_FORMAT = dwarf;
				ENABLE_STRICT_OBJC_MSGSEND = YES;
				ENABLE_TESTABILITY = YES;
				GCC_C_LANGUAGE_STANDARD = gnu99;
				GCC_DYNAMIC_NO_PIC = NO;
				GCC_NO_COMMON_BLOCKS = YES;
				GCC_OPTIMIZATION_LEVEL = 0;
				GCC_PREPROCESSOR_DEFINITIONS = (
					"DEBUG=1",
					"$(inherited)",
				);
				GCC_WARN_64_TO_32_BIT_CONVERSION = YES;
				GCC_WARN_ABOUT_RETURN_TYPE = YES_ERROR;
				GCC_WARN_UNDECLARED_SELECTOR = YES;
				GCC_WARN_UNINITIALIZED_AUTOS = YES_AGGRESSIVE;
				GCC_WARN_UNUSED_FUNCTION = YES;
				GCC_WARN_UNUSED_VARIABLE = YES;
				IPHONEOS_DEPLOYMENT_TARGET = 9.3;
				MTL_ENABLE_DEBUG_INFO = YES;
				ONLY_ACTIVE_ARCH = YES;
				SDKROOT = iphoneos;
				TARGETED_DEVICE_FAMILY = "1,2";
			};
			name = Debug;
		};
		430EE6201CFE7E6C00268994 /* Release */ = {
			isa = XCBuildConfiguration;
			buildSettings = {
				ALWAYS_SEARCH_USER_PATHS = NO;
				CLANG_ANALYZER_NONNULL = YES;
				CLANG_CXX_LANGUAGE_STANDARD = "gnu++0x";
				CLANG_CXX_LIBRARY = "libc++";
				CLANG_ENABLE_MODULES = YES;
				CLANG_ENABLE_OBJC_ARC = YES;
				CLANG_WARN_BOOL_CONVERSION = YES;
				CLANG_WARN_CONSTANT_CONVERSION = YES;
				CLANG_WARN_DIRECT_OBJC_ISA_USAGE = YES_ERROR;
				CLANG_WARN_EMPTY_BODY = YES;
				CLANG_WARN_ENUM_CONVERSION = YES;
				CLANG_WARN_INT_CONVERSION = YES;
				CLANG_WARN_OBJC_ROOT_CLASS = YES_ERROR;
				CLANG_WARN_UNREACHABLE_CODE = YES;
				CLANG_WARN__DUPLICATE_METHOD_MATCH = YES;
				"CODE_SIGN_IDENTITY[sdk=iphoneos*]" = "iPhone Developer";
				COPY_PHASE_STRIP = NO;
				DEBUG_INFORMATION_FORMAT = "dwarf-with-dsym";
				ENABLE_NS_ASSERTIONS = NO;
				ENABLE_STRICT_OBJC_MSGSEND = YES;
				GCC_C_LANGUAGE_STANDARD = gnu99;
				GCC_NO_COMMON_BLOCKS = YES;
				GCC_WARN_64_TO_32_BIT_CONVERSION = YES;
				GCC_WARN_ABOUT_RETURN_TYPE = YES_ERROR;
				GCC_WARN_UNDECLARED_SELECTOR = YES;
				GCC_WARN_UNINITIALIZED_AUTOS = YES_AGGRESSIVE;
				GCC_WARN_UNUSED_FUNCTION = YES;
				GCC_WARN_UNUSED_VARIABLE = YES;
				IPHONEOS_DEPLOYMENT_TARGET = 9.3;
				MTL_ENABLE_DEBUG_INFO = NO;
				SDKROOT = iphoneos;
				TARGETED_DEVICE_FAMILY = "1,2";
				VALIDATE_PRODUCT = YES;
			};
			name = Release;
		};
		430EE6221CFE7E6C00268994 /* Debug */ = {
			isa = XCBuildConfiguration;
			baseConfigurationReference = F60CED2C829C347CA2665485 /* Pods-Test_RAC.debug.xcconfig */;
			buildSettings = {
				ASSETCATALOG_COMPILER_APPICON_NAME = AppIcon;
				INFOPLIST_FILE = Test_RAC/Info.plist;
				LD_RUNPATH_SEARCH_PATHS = "$(inherited) @executable_path/Frameworks";
				PRODUCT_BUNDLE_IDENTIFIER = "com.zjht.Test-RAC";
				PRODUCT_NAME = "$(TARGET_NAME)";
			};
			name = Debug;
		};
		430EE6231CFE7E6C00268994 /* Release */ = {
			isa = XCBuildConfiguration;
			baseConfigurationReference = 9414FFA3677C55C1EE94FA8D /* Pods-Test_RAC.release.xcconfig */;
			buildSettings = {
				ASSETCATALOG_COMPILER_APPICON_NAME = AppIcon;
				INFOPLIST_FILE = Test_RAC/Info.plist;
				LD_RUNPATH_SEARCH_PATHS = "$(inherited) @executable_path/Frameworks";
				PRODUCT_BUNDLE_IDENTIFIER = "com.zjht.Test-RAC";
				PRODUCT_NAME = "$(TARGET_NAME)";
			};
			name = Release;
		};
/* End XCBuildConfiguration section */

/* Begin XCConfigurationList section */
		430EE6051CFE7E6C00268994 /* Build configuration list for PBXProject "Test_RAC" */ = {
			isa = XCConfigurationList;
			buildConfigurations = (
				430EE61F1CFE7E6C00268994 /* Debug */,
				430EE6201CFE7E6C00268994 /* Release */,
			);
			defaultConfigurationIsVisible = 0;
			defaultConfigurationName = Release;
		};
		430EE6211CFE7E6C00268994 /* Build configuration list for PBXNativeTarget "Test_RAC" */ = {
			isa = XCConfigurationList;
			buildConfigurations = (
				430EE6221CFE7E6C00268994 /* Debug */,
				430EE6231CFE7E6C00268994 /* Release */,
			);
			defaultConfigurationIsVisible = 0;
			defaultConfigurationName = Release;
		};
/* End XCConfigurationList section */
	};
	rootObject = 430EE6021CFE7E6C00268994 /* Project object */;
}
